{
  "name": "hugging_face_api",
  "version": "1.0.0",
  "lockfileVersion": 3,
  "requires": true,
  "packages": {
    "": {
      "name": "hugging_face_api",
      "version": "1.0.0",
      "license": "ISC",
      "dependencies": {
        "@huggingface/inference": "^3.1.2",
        "dotenv": "^16.4.7"
      }
    },
    "node_modules/@huggingface/inference": {
      "version": "3.1.2",
      "resolved": "https://registry.npmjs.org/@huggingface/inference/-/inference-3.1.2.tgz",
      "integrity": "sha512-oaSTSlQmx2QY7khWSWUW8Uc47XdVTdTnu11S0ScDKdappHe9Eu8MmeoJDvGvM5rV/X34nOfnovc9X/9HcfNnWQ==",
      "license": "MIT",
      "dependencies": {
        "@huggingface/tasks": "^0.15.0"
      },
      "engines": {
        "node": ">=18"
      }
    },
    "node_modules/@huggingface/tasks": {
      "version": "0.15.2",
      "resolved": "https://registry.npmjs.org/@huggingface/tasks/-/tasks-0.15.2.tgz",
      "integrity": "sha512-uVAf1qOP4s/il46+NsdnZ0AExcEWsl61z4t9BawM56DJfZlEs4+/dH2o5V5j733VpC7NahaEb+/mfP3sZXqdlw==",
      "license": "MIT"
    },
    "node_modules/dotenv": {
      "version": "16.4.7",
      "resolved": "https://registry.npmjs.org/dotenv/-/dotenv-16.4.7.tgz",
      "integrity": "sha512-47qPchRCykZC03FhkYAhrvwU4xDBFIj1QPqaarj6mdM/hgUzfPHcpkHJOn3mJAufFeeAxAzeGsr5X0M4k6fLZQ==",
      "license": "BSD-2-Clause",
      "engines": {
        "node": ">=12"
      },
      "funding": {
        "url": "https://dotenvx.com"
      }
    }
  }
}
